
Microsoft Visual Studio Solution File, Format Version 12.00
# Visual Studio 14
VisualStudioVersion = 14.0.23107.0
MinimumVisualStudioVersion = 10.0.40219.1
Project("{FAE04EC0-301F-11D3-BF4B-00C04F79EFBC}") = "Api", "Api\Api.csproj", "{03179FBA-F964-47AE-883D-30192B8225A5}"
EndProject
Project("{FAE04EC0-301F-11D3-BF4B-00C04F79EFBC}") = "MyUnitTestProject", "MyUnitTestProject\MyUnitTestProject.csproj", "{5006A5E4-A6E4-4491-B571-E80DF477F55B}"
EndProject
Project("{FAE04EC0-301F-11D3-BF4B-00C04F79EFBC}") = "MyConsoleApplication", "MyConsoleApplication\MyConsoleApplication.csproj", "{57439B64-54B5-4018-AF4E-BD691049194A}"
EndProject
Global
	GlobalSection(SolutionConfigurationPlatforms) = preSolution
		Debug|Any CPU = Debug|Any CPU
		Release|Any CPU = Release|Any CPU
	EndGlobalSection
	GlobalSection(ProjectConfigurationPlatforms) = postSolution
		{03179FBA-F964-47AE-883D-30192B8225A5}.Debug|Any CPU.ActiveCfg = Debug|Any CPU
		{03179FBA-F964-47AE-883D-30192B8225A5}.Debug|Any CPU.Build.0 = Debug|Any CPU
		{03179FBA-F964-47AE-883D-30192B8225A5}.Release|Any CPU.ActiveCfg = Release|Any CPU
		{03179FBA-F964-47AE-883D-30192B8225A5}.Release|Any CPU.Build.0 = Release|Any CPU
		{5006A5E4-A6E4-4491-B571-E80DF477F55B}.Debug|Any CPU.ActiveCfg = Debug|Any CPU
		{5006A5E4-A6E4-4491-B571-E80DF477F55B}.Debug|Any CPU.Build.0 = Debug|Any CPU
		{5006A5E4-A6E4-4491-B571-E80DF477F55B}.Release|Any CPU.ActiveCfg = Release|Any CPU
		{5006A5E4-A6E4-4491-B571-E80DF477F55B}.Release|Any CPU.Build.0 = Release|Any CPU
		{57439B64-54B5-4018-AF4E-BD691049194A}.Debug|Any CPU.ActiveCfg = Debug|Any CPU
		{57439B64-54B5-4018-AF4E-BD691049194A}.Debug|Any CPU.Build.0 = Debug|Any CPU
		{57439B64-54B5-4018-AF4E-BD691049194A}.Release|Any CPU.ActiveCfg = Release|Any CPU
		{57439B64-54B5-4018-AF4E-BD691049194A}.Release|Any CPU.Build.0 = Release|Any CPU
	EndGlobalSection
	GlobalSection(SolutionProperties) = preSolution
		HideSolutionNode = FALSE
	EndGlobalSection
EndGlobal
